# THIS IS AN AUTOGENERATED FILE. DO NOT EDIT THIS FILE DIRECTLY.
# yarn lockfile v1


ansi-regex@^2.1.1:
  version "2.1.1"
  resolved "https://registry.yarnpkg.com/ansi-regex/-/ansi-regex-2.1.1.tgz#c3b33ab5ee360d86e0e628f0468ae7ef27d654df"

asynckit@^0.4.0:
  version "0.4.0"
  resolved "https://registry.yarnpkg.com/asynckit/-/asynckit-0.4.0.tgz#c79ed97f7f34cb8f2ba1bc9790bcc366474b4b79"

bluebird@^3.3.4:
  version "3.5.1"
  resolved "https://registry.yarnpkg.com/bluebird/-/bluebird-3.5.1.tgz#d9551f9de98f1fcda1e683d17ee91a0602ee2eb9"

camelcase@^4.1.0:
  version "4.1.0"
  resolved "https://registry.yarnpkg.com/camelcase/-/camelcase-4.1.0.tgz#d545635be1e33c542649c69173e5de6acfae34dd"

cli-color@^1.2.0:
  version "1.2.0"
  resolved "https://registry.yarnpkg.com/cli-color/-/cli-color-1.2.0.tgz#3a5ae74fd76b6267af666e69e2afbbd01def34d1"
  dependencies:
    ansi-regex "^2.1.1"
    d "1"
    es5-ext "^0.10.12"
    es6-iterator "2"
    memoizee "^0.4.3"
    timers-ext "0.1"

clone@^2.0.0, clone@^2.1.0, clone@^2.1.1:
  version "2.1.1"
  resolved "https://registry.yarnpkg.com/clone/-/clone-2.1.1.tgz#d217d1e961118e3ac9a4b8bba3285553bf647cdb"

coffeescript@^2.2.1:
  version "2.3.1"
  resolved "https://registry.yarnpkg.com/coffeescript/-/coffeescript-2.3.1.tgz#a25f69c251d25805c9842e57fc94bfc453ef6aed"

combined-stream@1.0.6:
  version "1.0.6"
  resolved "https://registry.yarnpkg.com/combined-stream/-/combined-stream-1.0.6.tgz#723e7df6e801ac5613113a7e445a9b69cb632818"
  dependencies:
    delayed-stream "~1.0.0"

commander@^2.15.0, commander@^2.9.0:
  version "2.16.0"
  resolved "https://registry.yarnpkg.com/commander/-/commander-2.16.0.tgz#f16390593996ceb4f3eeb020b31d78528f7f8a50"

component-emitter@^1.2.0:
  version "1.2.1"
  resolved "https://registry.yarnpkg.com/component-emitter/-/component-emitter-1.2.1.tgz#137918d6d78283f7df7a6b7c5a63e140e69425e6"

cookiejar@^2.1.0:
  version "2.1.2"
  resolved "https://registry.yarnpkg.com/cookiejar/-/cookiejar-2.1.2.tgz#dd8a235530752f988f9a0844f3fc589e3111125c"

core-util-is@~1.0.0:
  version "1.0.2"
  resolved "https://registry.yarnpkg.com/core-util-is/-/core-util-is-1.0.2.tgz#b5fd54220aa2bc5ab57aab7140c940754503c1a7"

d@1:
  version "1.0.0"
  resolved "https://registry.yarnpkg.com/d/-/d-1.0.0.tgz#754bb5bfe55451da69a58b94d45f4c5b0462d58f"
  dependencies:
    es5-ext "^0.10.9"

debounce@^1.1.0:
  version "1.1.0"
  resolved "https://registry.yarnpkg.com/debounce/-/debounce-1.1.0.tgz#6a1a4ee2a9dc4b7c24bb012558dbcdb05b37f408"

debug@^2.2.0:
  version "2.6.9"
  resolved "https://registry.yarnpkg.com/debug/-/debug-2.6.9.tgz#5d128515df134ff327e90a4c93f4e077a536341f"
  dependencies:
    ms "2.0.0"

debug@^3.0.0, debug@^3.1.0:
  version "3.1.0"
  resolved "https://registry.yarnpkg.com/debug/-/debug-3.1.0.tgz#5bb5a0672628b64149566ba16819e61518c67261"
  dependencies:
    ms "2.0.0"

delayed-stream@~1.0.0:
  version "1.0.0"
  resolved "https://registry.yarnpkg.com/delayed-stream/-/delayed-stream-1.0.0.tgz#df3ae199acadfb7d440aaae0b29e2272b24ec619"

es5-ext@^0.10.12, es5-ext@^0.10.14, es5-ext@^0.10.30, es5-ext@^0.10.35, es5-ext@^0.10.9, es5-ext@~0.10.14, es5-ext@~0.10.2:
  version "0.10.45"
  resolved "https://registry.yarnpkg.com/es5-ext/-/es5-ext-0.10.45.tgz#0bfdf7b473da5919d5adf3bd25ceb754fccc3653"
  dependencies:
    es6-iterator "~2.0.3"
    es6-symbol "~3.1.1"
    next-tick "1"

es6-iterator@2, es6-iterator@^2.0.1, es6-iterator@~2.0.3:
  version "2.0.3"
  resolved "https://registry.yarnpkg.com/es6-iterator/-/es6-iterator-2.0.3.tgz#a7de889141a05a94b0854403b2d0a0fbfa98f3b7"
  dependencies:
    d "1"
    es5-ext "^0.10.35"
    es6-symbol "^3.1.1"

es6-symbol@^3.1.1, es6-symbol@~3.1.1:
  version "3.1.1"
  resolved "https://registry.yarnpkg.com/es6-symbol/-/es6-symbol-3.1.1.tgz#bf00ef4fdab6ba1b46ecb7b629b4c7ed5715cc77"
  dependencies:
    d "1"
    es5-ext "~0.10.14"

es6-weak-map@^2.0.2:
  version "2.0.2"
  resolved "https://registry.yarnpkg.com/es6-weak-map/-/es6-weak-map-2.0.2.tgz#5e3ab32251ffd1538a1f8e5ffa1357772f92d96f"
  dependencies:
    d "1"
    es5-ext "^0.10.14"
    es6-iterator "^2.0.1"
    es6-symbol "^3.1.1"

event-emitter@^0.3.5:
  version "0.3.5"
  resolved "https://registry.yarnpkg.com/event-emitter/-/event-emitter-0.3.5.tgz#df8c69eef1647923c7157b9ce83840610b02cc39"
  dependencies:
    d "1"
    es5-ext "~0.10.14"

extend@^3.0.0:
  version "3.0.1"
  resolved "https://registry.yarnpkg.com/extend/-/extend-3.0.1.tgz#a755ea7bc1adfcc5a31ce7e762dbaadc5e636444"

fbp-graph@^0.3.1:
  version "0.3.2"
  resolved "https://registry.yarnpkg.com/fbp-graph/-/fbp-graph-0.3.2.tgz#b82efe247138426009275a165aa1cb1a7c3ecfb3"
  dependencies:
    clone "^2.1.0"
    fbp "^1.6.0"

fbp-manifest@^0.2.0:
  version "0.2.1"
  resolved "https://registry.yarnpkg.com/fbp-manifest/-/fbp-manifest-0.2.1.tgz#90d0f33549488a0d7deb291bd1095f2b7677389f"
  dependencies:
    bluebird "^3.3.4"
    clone "^2.0.0"
    commander "^2.9.0"
    fbp "^1.5.0"
    tv4 "^1.2.7"

fbp@^1.5.0, fbp@^1.6.0:
  version "1.7.0"
  resolved "https://registry.yarnpkg.com/fbp/-/fbp-1.7.0.tgz#71937acfce4dcba29a7c534a69c2fd82d0760714"

flowhub-registry@^0.1.3:
  version "0.1.3"
  resolved "https://registry.yarnpkg.com/flowhub-registry/-/flowhub-registry-0.1.3.tgz#9c7200618c0bf51655846660c709c859bc99da39"
  dependencies:
    commander "^2.9.0"
    superagent "^3.1.0"

foreachasync@^3.0.0:
  version "3.0.0"
  resolved "https://registry.yarnpkg.com/foreachasync/-/foreachasync-3.0.0.tgz#5502987dc8714be3392097f32e0071c9dee07cf6"

form-data@^2.3.1:
  version "2.3.2"
  resolved "https://registry.yarnpkg.com/form-data/-/form-data-2.3.2.tgz#4970498be604c20c005d4f5c23aecd21d6b49099"
  dependencies:
    asynckit "^0.4.0"
    combined-stream "1.0.6"
    mime-types "^2.1.12"

formidable@^1.2.0:
  version "1.2.1"
  resolved "https://registry.yarnpkg.com/formidable/-/formidable-1.2.1.tgz#70fb7ca0290ee6ff961090415f4b3df3d2082659"

fs-extra@~0.6.1:
  version "0.6.4"
  resolved "https://registry.yarnpkg.com/fs-extra/-/fs-extra-0.6.4.tgz#f46f0c75b7841f8d200b3348cd4d691d5a099d15"
  dependencies:
    jsonfile "~1.0.1"
    mkdirp "0.3.x"
    ncp "~0.4.2"
    rimraf "~2.2.0"

fs.extra@~1.3.2:
  version "1.3.2"
  resolved "https://registry.yarnpkg.com/fs.extra/-/fs.extra-1.3.2.tgz#dd023f93013bee24531f1b33514c37b20fd93349"
  dependencies:
    fs-extra "~0.6.1"
    mkdirp "~0.3.5"
    walk "^2.3.9"

get-function-params@^2.0.3:
  version "2.0.3"
  resolved "https://registry.yarnpkg.com/get-function-params/-/get-function-params-2.0.3.tgz#24579f605c11bc610395131e26cef707a7fe505e"

inherits@~2.0.3:
  version "2.0.3"
  resolved "https://registry.yarnpkg.com/inherits/-/inherits-2.0.3.tgz#633c2c83e3da42a502f52466022480f4208261de"

is-promise@^2.1:
  version "2.1.0"
  resolved "https://registry.yarnpkg.com/is-promise/-/is-promise-2.1.0.tgz#79a2a9ece7f096e80f36d2b2f3bc16c1ff4bf3fa"

is-typedarray@^1.0.0:
  version "1.0.0"
  resolved "https://registry.yarnpkg.com/is-typedarray/-/is-typedarray-1.0.0.tgz#e479c80858df0c1b11ddda6940f96011fcda4a9a"

is-wsl@^1.1.0:
  version "1.1.0"
  resolved "https://registry.yarnpkg.com/is-wsl/-/is-wsl-1.1.0.tgz#1f16e4aa22b04d1336b66188a66af3c600c3a66d"

isarray@~1.0.0:
  version "1.0.0"
  resolved "https://registry.yarnpkg.com/isarray/-/isarray-1.0.0.tgz#bb935d48582cba168c06834957a54a3e07124f11"

json-stringify-safe@^5.0.1:
  version "5.0.1"
  resolved "https://registry.yarnpkg.com/json-stringify-safe/-/json-stringify-safe-5.0.1.tgz#1296a2d58fd45f19a0f6ce01d65701e2c735b6eb"

jsonfile@~1.0.1:
  version "1.0.1"
  resolved "https://registry.yarnpkg.com/jsonfile/-/jsonfile-1.0.1.tgz#ea5efe40b83690b98667614a7392fc60e842c0dd"

lru-queue@0.1:
  version "0.1.0"
  resolved "https://registry.yarnpkg.com/lru-queue/-/lru-queue-0.1.0.tgz#2738bd9f0d3cf4f84490c5736c48699ac632cda3"
  dependencies:
    es5-ext "~0.10.2"

memoizee@^0.4.3:
  version "0.4.12"
  resolved "https://registry.yarnpkg.com/memoizee/-/memoizee-0.4.12.tgz#780e99a219c50c549be6d0fc61765080975c58fb"
  dependencies:
    d "1"
    es5-ext "^0.10.30"
    es6-weak-map "^2.0.2"
    event-emitter "^0.3.5"
    is-promise "^2.1"
    lru-queue "0.1"
    next-tick "1"
    timers-ext "^0.1.2"

methods@^1.1.1:
  version "1.1.2"
  resolved "https://registry.yarnpkg.com/methods/-/methods-1.1.2.tgz#5529a4d67654134edcc5266656835b0f851afcee"

mime-db@~1.33.0:
  version "1.33.0"
  resolved "https://registry.yarnpkg.com/mime-db/-/mime-db-1.33.0.tgz#a3492050a5cb9b63450541e39d9788d2272783db"

mime-types@^2.1.12:
  version "2.1.18"
  resolved "https://registry.yarnpkg.com/mime-types/-/mime-types-2.1.18.tgz#6f323f60a83d11146f831ff11fd66e2fe5503bb8"
  dependencies:
    mime-db "~1.33.0"

mime@^1.4.1:
  version "1.6.0"
  resolved "https://registry.yarnpkg.com/mime/-/mime-1.6.0.tgz#32cd9e5c64553bd58d19a568af452acff04981b1"

mimetype@~0.0.8:
  version "0.0.8"
  resolved "https://registry.yarnpkg.com/mimetype/-/mimetype-0.0.8.tgz#fb30022794bbf7725cb7b46df820e87dd91fd086"

mkdirp@0.3.x, mkdirp@~0.3.5:
  version "0.3.5"
  resolved "https://registry.yarnpkg.com/mkdirp/-/mkdirp-0.3.5.tgz#de3e5f8961c88c787ee1368df849ac4413eca8d7"

ms@2.0.0:
  version "2.0.0"
  resolved "https://registry.yarnpkg.com/ms/-/ms-2.0.0.tgz#5608aeadfc00be6c2901df5f9861788de0d597c8"

nan@^2.3.3:
  version "2.10.0"
  resolved "https://registry.yarnpkg.com/nan/-/nan-2.10.0.tgz#96d0cd610ebd58d4b4de9cc0c6828cda99c7548f"

ncp@~0.4.2:
  version "0.4.2"
  resolved "https://registry.yarnpkg.com/ncp/-/ncp-0.4.2.tgz#abcc6cbd3ec2ed2a729ff6e7c1fa8f01784a8574"

next-tick@1:
  version "1.0.0"
  resolved "https://registry.yarnpkg.com/next-tick/-/next-tick-1.0.0.tgz#ca86d1fe8828169b0120208e3dc8424b9db8342c"

noflo-core@^0.5.0:
  version "0.5.0"
  resolved "https://registry.yarnpkg.com/noflo-core/-/noflo-core-0.5.0.tgz#4df6cd0480d7870efe2238f0949dce9a9a79e580"
  dependencies:
    noflo "^1.0.0"
    owl-deepcopy "~0.0.4"

noflo-filesystem@^2.0.1:
  version "2.0.1"
  resolved "https://registry.yarnpkg.com/noflo-filesystem/-/noflo-filesystem-2.0.1.tgz#abcf00264b3a41fdfcdc3f80fa58adc4e36c0023"
  dependencies:
    fs.extra "~1.3.2"
    mimetype "~0.0.8"
    noflo "^1.0.0"

noflo-nodejs@^0.10.1:
  version "0.10.1"
  resolved "https://registry.yarnpkg.com/noflo-nodejs/-/noflo-nodejs-0.10.1.tgz#095524163af08738677c4866d512f07f5c987c5f"
  dependencies:
    cli-color "^1.2.0"
    clone "^2.1.1"
    commander "^2.15.0"
    fbp-graph "^0.3.1"
    flowhub-registry "^0.1.3"
    noflo "^1.0.0"
    noflo-runtime-base "^0.10.0"
    noflo-runtime-websocket "^0.10.0"
    opn "^5.3.0"
    password-generator "^2.2.0"
    uuid "^3.0.1"

noflo-runtime-base@^0.10.0, noflo-runtime-base@~0.10.0:
  version "0.10.2"
  resolved "https://registry.yarnpkg.com/noflo-runtime-base/-/noflo-runtime-base-0.10.2.tgz#545e0201123364d1cce346850a6e400432c83de3"
  dependencies:
    debounce "^1.1.0"
    debug "^3.0.0"
    json-stringify-safe "^5.0.1"
    noflo "^1.0.0"
    temp "^0.8.3"

noflo-runtime-websocket@^0.10.0:
  version "0.10.1"
  resolved "https://registry.yarnpkg.com/noflo-runtime-websocket/-/noflo-runtime-websocket-0.10.1.tgz#8b2c10a9f2540e8c47a6ffa3c7bbe4722c7f98c1"
  dependencies:
    commander "^2.15.0"
    noflo-runtime-base "~0.10.0"
    websocket "~1.0.24"

noflo@^1.0.0, noflo@^1.1.3:
  version "1.1.3"
  resolved "https://registry.yarnpkg.com/noflo/-/noflo-1.1.3.tgz#4cc3a3ee4eb633e8a26871a39baf7bc7a10312bf"
  dependencies:
    coffeescript "^2.2.1"
    debug "^3.0.0"
    fbp "^1.5.0"
    fbp-graph "^0.3.1"
    fbp-manifest "^0.2.0"
    get-function-params "^2.0.3"

opn@^5.3.0:
  version "5.3.0"
  resolved "https://registry.yarnpkg.com/opn/-/opn-5.3.0.tgz#64871565c863875f052cfdf53d3e3cb5adb53b1c"
  dependencies:
    is-wsl "^1.1.0"

os-tmpdir@^1.0.0:
  version "1.0.2"
  resolved "https://registry.yarnpkg.com/os-tmpdir/-/os-tmpdir-1.0.2.tgz#bbe67406c79aa85c5cfec766fe5734555dfa1274"

owl-deepcopy@~0.0.4:
  version "0.0.6"
  resolved "https://registry.yarnpkg.com/owl-deepcopy/-/owl-deepcopy-0.0.6.tgz#e61c6934af0a38c255be95e5c7ee3fa8facaace3"

password-generator@^2.2.0:
  version "2.2.0"
  resolved "https://registry.yarnpkg.com/password-generator/-/password-generator-2.2.0.tgz#fc75cff795110923e054a5a71623433240bf5e49"
  dependencies:
    yargs-parser "^8.0.0"

process-nextick-args@~2.0.0:
  version "2.0.0"
  resolved "https://registry.yarnpkg.com/process-nextick-args/-/process-nextick-args-2.0.0.tgz#a37d732f4271b4ab1ad070d35508e8290788ffaa"

qs@^6.5.1:
  version "6.5.2"
  resolved "https://registry.yarnpkg.com/qs/-/qs-6.5.2.tgz#cb3ae806e8740444584ef154ce8ee98d403f3e36"

readable-stream@^2.3.5:
  version "2.3.6"
  resolved "https://registry.yarnpkg.com/readable-stream/-/readable-stream-2.3.6.tgz#b11c27d88b8ff1fbe070643cf94b0c79ae1b0aaf"
  dependencies:
    core-util-is "~1.0.0"
    inherits "~2.0.3"
    isarray "~1.0.0"
    process-nextick-args "~2.0.0"
    safe-buffer "~5.1.1"
    string_decoder "~1.1.1"
    util-deprecate "~1.0.1"

rimraf@~2.2.0, rimraf@~2.2.6:
  version "2.2.8"
  resolved "https://registry.yarnpkg.com/rimraf/-/rimraf-2.2.8.tgz#e439be2aaee327321952730f99a8929e4fc50582"

safe-buffer@~5.1.0, safe-buffer@~5.1.1:
  version "5.1.2"
  resolved "https://registry.yarnpkg.com/safe-buffer/-/safe-buffer-5.1.2.tgz#991ec69d296e0313747d59bdfd2b745c35f8828d"

string_decoder@~1.1.1:
  version "1.1.1"
  resolved "https://registry.yarnpkg.com/string_decoder/-/string_decoder-1.1.1.tgz#9cf1611ba62685d7030ae9e4ba34149c3af03fc8"
  dependencies:
    safe-buffer "~5.1.0"

superagent@^3.1.0:
  version "3.8.3"
  resolved "https://registry.yarnpkg.com/superagent/-/superagent-3.8.3.tgz#460ea0dbdb7d5b11bc4f78deba565f86a178e128"
  dependencies:
    component-emitter "^1.2.0"
    cookiejar "^2.1.0"
    debug "^3.1.0"
    extend "^3.0.0"
    form-data "^2.3.1"
    formidable "^1.2.0"
    methods "^1.1.1"
    mime "^1.4.1"
    qs "^6.5.1"
    readable-stream "^2.3.5"

temp@^0.8.3:
  version "0.8.3"
  resolved "https://registry.yarnpkg.com/temp/-/temp-0.8.3.tgz#e0c6bc4d26b903124410e4fed81103014dfc1f59"
  dependencies:
    os-tmpdir "^1.0.0"
    rimraf "~2.2.6"

timers-ext@0.1, timers-ext@^0.1.2:
  version "0.1.5"
  resolved "https://registry.yarnpkg.com/timers-ext/-/timers-ext-0.1.5.tgz#77147dd4e76b660c2abb8785db96574cbbd12922"
  dependencies:
    es5-ext "~0.10.14"
    next-tick "1"

tv4@^1.2.7:
  version "1.3.0"
  resolved "https://registry.yarnpkg.com/tv4/-/tv4-1.3.0.tgz#d020c846fadd50c855abb25ebaecc68fc10f7963"

typedarray-to-buffer@^3.1.2:
  version "3.1.5"
  resolved "https://registry.yarnpkg.com/typedarray-to-buffer/-/typedarray-to-buffer-3.1.5.tgz#a97ee7a9ff42691b9f783ff1bc5112fe3fca9080"
  dependencies:
    is-typedarray "^1.0.0"

util-deprecate@~1.0.1:
  version "1.0.2"
  resolved "https://registry.yarnpkg.com/util-deprecate/-/util-deprecate-1.0.2.tgz#450d4dc9fa70de732762fbd2d4a28981419a0ccf"

uuid@^3.0.1:
  version "3.3.2"
  resolved "https://registry.yarnpkg.com/uuid/-/uuid-3.3.2.tgz#1b4af4955eb3077c501c23872fc6513811587131"

walk@^2.3.9:
  version "2.3.14"
  resolved "https://registry.yarnpkg.com/walk/-/walk-2.3.14.tgz#60ec8631cfd23276ae1e7363ce11d626452e1ef3"
  dependencies:
    foreachasync "^3.0.0"

websocket@~1.0.24:
  version "1.0.26"
  resolved "https://registry.yarnpkg.com/websocket/-/websocket-1.0.26.tgz#a03a01299849c35268c83044aa919c6374be8194"
  dependencies:
    debug "^2.2.0"
    nan "^2.3.3"
    typedarray-to-buffer "^3.1.2"
    yaeti "^0.0.6"

yaeti@^0.0.6:
  version "0.0.6"
  resolved "https://registry.yarnpkg.com/yaeti/-/yaeti-0.0.6.tgz#f26f484d72684cf42bedfb76970aa1608fbf9577"

yargs-parser@^8.0.0:
  version "8.1.0"
  resolved "https://registry.yarnpkg.com/yargs-parser/-/yargs-parser-8.1.0.tgz#f1376a33b6629a5d063782944da732631e966950"
  dependencies:
    camelcase "^4.1.0"
